{
  "name": "dexppweb",
  "version": "0.0.1",
  "lockfileVersion": 1,
  "requires": true,
  "dependencies": {
    "json-schema-to-markdown": {
      "version": "1.0.3",
      "resolved": "https://registry.npmjs.org/json-schema-to-markdown/-/json-schema-to-markdown-1.0.3.tgz",
      "integrity": "sha1-RBHKIisrZ2DmFmY/C7K9drsm67g="
    },
    "oakdex-pokedex": {
      "version": "0.2.2",
      "resolved": "https://registry.npmjs.org/oakdex-pokedex/-/oakdex-pokedex-0.2.2.tgz",
      "integrity": "sha512-85KQv7/JWEebw0LR3tmUknQ7bEAkDp3UnShoNIrA9Yx7eLsUMQHo90lSskkHYETaXhLYh0qb8HQa8hIb04IHNw==",
      "requires": {
        "json-schema-to-markdown": "^1.0.3"
      }
    },
    "oakdex-pokedex-sprites": {
      "version": "0.0.1",
      "resolved": "https://registry.npmjs.org/oakdex-pokedex-sprites/-/oakdex-pokedex-sprites-0.0.1.tgz",
      "integrity": "sha1-Hl++14+GXk0q0Y4kIhvOJ7kTOts="
    }
  }
}
